
Microsoft Visual Studio Solution File, Format Version 12.00
# Visual Studio Version 17
VisualStudioVersion = 17.7.34024.191
MinimumVisualStudioVersion = 10.0.40219.1
Project("{FAE04EC0-301F-11D3-BF4B-00C04F79EFBC}") = "WebCam", "WebCam\WebCam.csproj", "{1E6DE2D5-5372-4930-B343-03AA89F5EACA}"
EndProject
Global
	GlobalSection(SolutionConfigurationPlatforms) = preSolution
		Debug|Any CPU = Debug|Any CPU
		Release|Any CPU = Release|Any CPU
	EndGlobalSection
	GlobalSection(ProjectConfigurationPlatforms) = postSolution
		{1E6DE2D5-5372-4930-B343-03AA89F5EACA}.Debug|Any CPU.ActiveCfg = Debug|Any CPU
		{1E6DE2D5-5372-4930-B343-03AA89F5EACA}.Debug|Any CPU.Build.0 = Debug|Any CPU
		{1E6DE2D5-5372-4930-B343-03AA89F5EACA}.Release|Any CPU.ActiveCfg = Release|Any CPU
		{1E6DE2D5-5372-4930-B343-03AA89F5EACA}.Release|Any CPU.Build.0 = Release|Any CPU
	EndGlobalSection
	GlobalSection(SolutionProperties) = preSolution
		HideSolutionNode = FALSE
	EndGlobalSection
	GlobalSection(ExtensibilityGlobals) = postSolution
		SolutionGuid = {2BE6E0D8-8CD1-474B-97D7-2A80121F9D05}
	EndGlobalSection
EndGlobal
